# This file is autogenerated, do not edit; changes may be undone by the next 'dep ensure'.


[[projects]]
  branch = "master"
  name = "github.com/burl/termbox-go"
  packages = ["."]
  revision = "0e2effceb9cecc80cb436721b02633c1acfd9c6a"

[[projects]]
  name = "github.com/mattn/go-runewidth"
  packages = ["."]
  revision = "9e777a8366cce605130a531d2cd6363d07ad7317"
  version = "v0.0.2"

[solve-meta]
  analyzer-name = "dep"
  analyzer-version = 1
  inputs-digest = "aab8538215f21bcc1f13d756ea99d8ef53a4dd8061aa80a6870492f6e687f28f"
  solver-name = "gps-cdcl"
  solver-version = 1
